
Microsoft Visual Studio Solution File, Format Version 12.00
# Visual Studio Version 17
VisualStudioVersion = 17.1.32228.430
MinimumVisualStudioVersion = 10.0.40219.1
Project("{FAE04EC0-301F-11D3-BF4B-00C04F79EFBC}") = "Task7", "Task7\Task7.csproj", "{13918ABF-D4A8-4B94-900D-C8E1EF881C9A}"
EndProject
Global
	GlobalSection(SolutionConfigurationPlatforms) = preSolution
		Debug|Any CPU = Debug|Any CPU
		Release|Any CPU = Release|Any CPU
	EndGlobalSection
	GlobalSection(ProjectConfigurationPlatforms) = postSolution
		{13918ABF-D4A8-4B94-900D-C8E1EF881C9A}.Debug|Any CPU.ActiveCfg = Debug|Any CPU
		{13918ABF-D4A8-4B94-900D-C8E1EF881C9A}.Debug|Any CPU.Build.0 = Debug|Any CPU
		{13918ABF-D4A8-4B94-900D-C8E1EF881C9A}.Release|Any CPU.ActiveCfg = Release|Any CPU
		{13918ABF-D4A8-4B94-900D-C8E1EF881C9A}.Release|Any CPU.Build.0 = Release|Any CPU
	EndGlobalSection
	GlobalSection(SolutionProperties) = preSolution
		HideSolutionNode = FALSE
	EndGlobalSection
	GlobalSection(ExtensibilityGlobals) = postSolution
		SolutionGuid = {DEE8BF5D-2BA2-4E42-8B96-82E3B65CA3B7}
	EndGlobalSection
EndGlobal
